
Microsoft Visual Studio Solution File, Format Version 12.00
# Visual Studio Version 17
VisualStudioVersion = 17.5.33424.131
MinimumVisualStudioVersion = 10.0.40219.1
Project("{FAE04EC0-301F-11D3-BF4B-00C04F79EFBC}") = "AzamiHizKontrol", "AzamiHizKontrol\AzamiHizKontrol.csproj", "{96081C8B-07FE-4CCD-A96D-DE7C6382B23F}"
EndProject
Global
	GlobalSection(SolutionConfigurationPlatforms) = preSolution
		Debug|Any CPU = Debug|Any CPU
		Release|Any CPU = Release|Any CPU
	EndGlobalSection
	GlobalSection(ProjectConfigurationPlatforms) = postSolution
		{96081C8B-07FE-4CCD-A96D-DE7C6382B23F}.Debug|Any CPU.ActiveCfg = Debug|Any CPU
		{96081C8B-07FE-4CCD-A96D-DE7C6382B23F}.Debug|Any CPU.Build.0 = Debug|Any CPU
		{96081C8B-07FE-4CCD-A96D-DE7C6382B23F}.Release|Any CPU.ActiveCfg = Release|Any CPU
		{96081C8B-07FE-4CCD-A96D-DE7C6382B23F}.Release|Any CPU.Build.0 = Release|Any CPU
	EndGlobalSection
	GlobalSection(SolutionProperties) = preSolution
		HideSolutionNode = FALSE
	EndGlobalSection
	GlobalSection(ExtensibilityGlobals) = postSolution
		SolutionGuid = {C0D2B2C5-A1A6-4172-8430-0889F9D4CEE8}
	EndGlobalSection
EndGlobal
